// !$*UTF8*$!
{
	archiveVersion = 1;
	classes = {
	};
	objectVersion = 50;
	objects = {

/* Begin PBXBuildFile section */
		5F4BADDA24A9784300B2A748 /* AppDelegate.m in Sources */ = {isa = PBXBuildFile; fileRef = 5F4BADD924A9784300B2A748 /* AppDelegate.m */; };
		5F4BADE024A9784300B2A748 /* ViewController.m in Sources */ = {isa = PBXBuildFile; fileRef = 5F4BADDF24A9784300B2A748 /* ViewController.m */; };
		5F4BADE324A9784300B2A748 /* Main.storyboard in Resources */ = {isa = PBXBuildFile; fileRef = 5F4BADE124A9784300B2A748 /* Main.storyboard */; };
		5F4BADE524A9784800B2A748 /* Assets.xcassets in Resources */ = {isa = PBXBuildFile; fileRef = 5F4BADE424A9784800B2A748 /* Assets.xcassets */; };
		5F4BADE824A9784800B2A748 /* LaunchScreen.storyboard in Resources */ = {isa = PBXBuildFile; fileRef = 5F4BADE624A9784800B2A748 /* LaunchScreen.storyboard */; };
		5F4BADEB24A9784800B2A748 /* main.m in Sources */ = {isa = PBXBuildFile; fileRef = 5F4BADEA24A9784800B2A748 /* main.m */; };
		5F4BADF524A9784800B2A748 /* SLCardScrollViewUITests.m in Sources */ = {isa = PBXBuildFile; fileRef = 5F4BADF424A9784800B2A748 /* SLCardScrollViewUITests.m */; };
		5F4BAE0224A97F5800B2A748 /* UIView+CardScroll.m in Sources */ = {isa = PBXBuildFile; fileRef = 5F4BAE0124A97F5800B2A748 /* UIView+CardScroll.m */; };
		5F4BAE0524A9821400B2A748 /* SLCarouselView.m in Sources */ = {isa = PBXBuildFile; fileRef = 5F4BAE0424A9821400B2A748 /* SLCarouselView.m */; };
		5FE4D8E624A9842D00A73C17 /* UIImage+WebP.m in Sources */ = {isa = PBXBuildFile; fileRef = 5FE4D8AC24A9842D00A73C17 /* UIImage+WebP.m */; };
		5FE4D8E724A9842D00A73C17 /* MKAnnotationView+WebCache.m in Sources */ = {isa = PBXBuildFile; fileRef = 5FE4D8AD24A9842D00A73C17 /* MKAnnotationView+WebCache.m */; };
		5FE4D8E824A9842D00A73C17 /* SDWebImageManager.m in Sources */ = {isa = PBXBuildFile; fileRef = 5FE4D8B424A9842D00A73C17 /* SDWebImageManager.m */; };
		5FE4D8E924A9842D00A73C17 /* UIImageView+HighlightedWebCache.m in Sources */ = {isa = PBXBuildFile; fileRef = 5FE4D8B624A9842D00A73C17 /* UIImageView+HighlightedWebCache.m */; };
		5FE4D8EA24A9842D00A73C17 /* SDWebImageFrame.m in Sources */ = {isa = PBXBuildFile; fileRef = 5FE4D8B724A9842D00A73C17 /* SDWebImageFrame.m */; };
		5FE4D8EB24A9842D00A73C17 /* UIImage+ForceDecode.m in Sources */ = {isa = PBXBuildFile; fileRef = 5FE4D8B924A9842D00A73C17 /* UIImage+ForceDecode.m */; };
		5FE4D8EC24A9842D00A73C17 /* SDWebImageCodersManager.m in Sources */ = {isa = PBXBuildFile; fileRef = 5FE4D8BB24A9842D00A73C17 /* SDWebImageCodersManager.m */; };
		5FE4D8ED24A9842D00A73C17 /* SDWebImageDownloader.m in Sources */ = {isa = PBXBuildFile; fileRef = 5FE4D8BC24A9842D00A73C17 /* SDWebImageDownloader.m */; };
		5FE4D8EE24A9842D00A73C17 /* UIImage+GIF.m in Sources */ = {isa = PBXBuildFile; fileRef = 5FE4D8BF24A9842D00A73C17 /* UIImage+GIF.m */; };
		5FE4D8EF24A9842D00A73C17 /* UIImage+MultiFormat.m in Sources */ = {isa = PBXBuildFile; fileRef = 5FE4D8C124A9842D00A73C17 /* UIImage+MultiFormat.m */; };
		5FE4D8F024A9842D00A73C17 /* SDWebImageCoderHelper.m in Sources */ = {isa = PBXBuildFile; fileRef = 5FE4D8C224A9842D00A73C17 /* SDWebImageCoderHelper.m */; };
		5FE4D8F124A9842D00A73C17 /* SDWebImageCompat.m in Sources */ = {isa = PBXBuildFile; fileRef = 5FE4D8C324A9842D00A73C17 /* SDWebImageCompat.m */; };
		5FE4D8F224A9842D00A73C17 /* SDWebImagePrefetcher.m in Sources */ = {isa = PBXBuildFile; fileRef = 5FE4D8C524A9842D00A73C17 /* SDWebImagePrefetcher.m */; };
		5FE4D8F324A9842D00A73C17 /* SDWebImageCoder.m in Sources */ = {isa = PBXBuildFile; fileRef = 5FE4D8C824A9842D00A73C17 /* SDWebImageCoder.m */; };
		5FE4D8F424A9842D00A73C17 /* NSButton+WebCache.m in Sources */ = {isa = PBXBuildFile; fileRef = 5FE4D8C924A9842D00A73C17 /* NSButton+WebCache.m */; };
		5FE4D8F524A9842D00A73C17 /* SDAnimatedImageRep.m in Sources */ = {isa = PBXBuildFile; fileRef = 5FE4D8CC24A9842D00A73C17 /* SDAnimatedImageRep.m */; };
		5FE4D8F624A9842D00A73C17 /* SDImageCache.m in Sources */ = {isa = PBXBuildFile; fileRef = 5FE4D8CD24A9842D00A73C17 /* SDImageCache.m */; };
		5FE4D8F724A9842D00A73C17 /* SDWebImageDownloaderOperation.m in Sources */ = {isa = PBXBuildFile; fileRef = 5FE4D8D024A9842D00A73C17 /* SDWebImageDownloaderOperation.m */; };
		5FE4D8F824A9842D00A73C17 /* SDWebImageTransition.m in Sources */ = {isa = PBXBuildFile; fileRef = 5FE4D8D124A9842D00A73C17 /* SDWebImageTransition.m */; };
		5FE4D8F924A9842D00A73C17 /* NSData+ImageContentType.m in Sources */ = {isa = PBXBuildFile; fileRef = 5FE4D8D324A9842D00A73C17 /* NSData+ImageContentType.m */; };
		5FE4D8FA24A9842D00A73C17 /* UIImageView+WebCache.m in Sources */ = {isa = PBXBuildFile; fileRef = 5FE4D8D424A9842D00A73C17 /* UIImageView+WebCache.m */; };
		5FE4D8FB24A9842D00A73C17 /* NSImage+WebCache.m in Sources */ = {isa = PBXBuildFile; fileRef = 5FE4D8D624A9842D00A73C17 /* NSImage+WebCache.m */; };
		5FE4D8FC24A9842D00A73C17 /* SDWebImageGIFCoder.m in Sources */ = {isa = PBXBuildFile; fileRef = 5FE4D8D724A9842D00A73C17 /* SDWebImageGIFCoder.m */; };
		5FE4D8FD24A9842D00A73C17 /* SDImageCacheConfig.m in Sources */ = {isa = PBXBuildFile; fileRef = 5FE4D8D924A9842D00A73C17 /* SDImageCacheConfig.m */; };
		5FE4D8FE24A9842D00A73C17 /* UIView+WebCacheOperation.m in Sources */ = {isa = PBXBuildFile; fileRef = 5FE4D8DC24A9842D00A73C17 /* UIView+WebCacheOperation.m */; };
		5FE4D8FF24A9842D00A73C17 /* UIView+WebCache.m in Sources */ = {isa = PBXBuildFile; fileRef = 5FE4D8DD24A9842D00A73C17 /* UIView+WebCache.m */; };
		5FE4D90024A9842D00A73C17 /* SDWebImageImageIOCoder.m in Sources */ = {isa = PBXBuildFile; fileRef = 5FE4D8DF24A9842D00A73C17 /* SDWebImageImageIOCoder.m */; };
		5FE4D90124A9842D00A73C17 /* UIButton+WebCache.m in Sources */ = {isa = PBXBuildFile; fileRef = 5FE4D8E324A9842D00A73C17 /* UIButton+WebCache.m */; };
		5FE4D90224A9842D00A73C17 /* SDWebImageWebPCoder.m in Sources */ = {isa = PBXBuildFile; fileRef = 5FE4D8E424A9842D00A73C17 /* SDWebImageWebPCoder.m */; };
/* End PBXBuildFile section */

/* Begin PBXContainerItemProxy section */
		5F4BADF124A9784800B2A748 /* PBXContainerItemProxy */ = {
			isa = PBXContainerItemProxy;
			containerPortal = 5F4BADCD24A9784300B2A748 /* Project object */;
			proxyType = 1;
			remoteGlobalIDString = 5F4BADD424A9784300B2A748;
			remoteInfo = SLCardScrollView;
		};
/* End PBXContainerItemProxy section */

/* Begin PBXFileReference section */
		5F4BADD524A9784300B2A748 /* SLCardScrollView.app */ = {isa = PBXFileReference; explicitFileType = wrapper.application; includeInIndex = 0; path = SLCardScrollView.app; sourceTree = BUILT_PRODUCTS_DIR; };
		5F4BADD824A9784300B2A748 /* AppDelegate.h */ = {isa = PBXFileReference; lastKnownFileType = sourcecode.c.h; path = AppDelegate.h; sourceTree = "<group>"; };
		5F4BADD924A9784300B2A748 /* AppDelegate.m */ = {isa = PBXFileReference; lastKnownFileType = sourcecode.c.objc; path = AppDelegate.m; sourceTree = "<group>"; };
		5F4BADDE24A9784300B2A748 /* ViewController.h */ = {isa = PBXFileReference; lastKnownFileType = sourcecode.c.h; path = ViewController.h; sourceTree = "<group>"; };
		5F4BADDF24A9784300B2A748 /* ViewController.m */ = {isa = PBXFileReference; lastKnownFileType = sourcecode.c.objc; path = ViewController.m; sourceTree = "<group>"; };
		5F4BADE224A9784300B2A748 /* Base */ = {isa = PBXFileReference; lastKnownFileType = file.storyboard; name = Base; path = Base.lproj/Main.storyboard; sourceTree = "<group>"; };
		5F4BADE424A9784800B2A748 /* Assets.xcassets */ = {isa = PBXFileReference; lastKnownFileType = folder.assetcatalog; path = Assets.xcassets; sourceTree = "<group>"; };
		5F4BADE724A9784800B2A748 /* Base */ = {isa = PBXFileReference; lastKnownFileType = file.storyboard; name = Base; path = Base.lproj/LaunchScreen.storyboard; sourceTree = "<group>"; };
		5F4BADE924A9784800B2A748 /* Info.plist */ = {isa = PBXFileReference; lastKnownFileType = text.plist.xml; path = Info.plist; sourceTree = "<group>"; };
		5F4BADEA24A9784800B2A748 /* main.m */ = {isa = PBXFileReference; lastKnownFileType = sourcecode.c.objc; path = main.m; sourceTree = "<group>"; };
		5F4BADF024A9784800B2A748 /* SLCardScrollViewUITests.xctest */ = {isa = PBXFileReference; explicitFileType = wrapper.cfbundle; includeInIndex = 0; path = SLCardScrollViewUITests.xctest; sourceTree = BUILT_PRODUCTS_DIR; };
		5F4BADF424A9784800B2A748 /* SLCardScrollViewUITests.m */ = {isa = PBXFileReference; lastKnownFileType = sourcecode.c.objc; path = SLCardScrollViewUITests.m; sourceTree = "<group>"; };
		5F4BADF624A9784800B2A748 /* Info.plist */ = {isa = PBXFileReference; lastKnownFileType = text.plist.xml; path = Info.plist; sourceTree = "<group>"; };
		5F4BAE0024A97F5800B2A748 /* UIView+CardScroll.h */ = {isa = PBXFileReference; lastKnownFileType = sourcecode.c.h; path = "UIView+CardScroll.h"; sourceTree = "<group>"; };
		5F4BAE0124A97F5800B2A748 /* UIView+CardScroll.m */ = {isa = PBXFileReference; lastKnownFileType = sourcecode.c.objc; path = "UIView+CardScroll.m"; sourceTree = "<group>"; };
		5F4BAE0324A9821400B2A748 /* SLCarouselView.h */ = {isa = PBXFileReference; lastKnownFileType = sourcecode.c.h; path = SLCarouselView.h; sourceTree = "<group>"; };
		5F4BAE0424A9821400B2A748 /* SLCarouselView.m */ = {isa = PBXFileReference; lastKnownFileType = sourcecode.c.objc; path = SLCarouselView.m; sourceTree = "<group>"; };
		5FE4D8AB24A9842D00A73C17 /* SDAnimatedImageRep.h */ = {isa = PBXFileReference; fileEncoding = 4; lastKnownFileType = sourcecode.c.h; path = SDAnimatedImageRep.h; sourceTree = "<group>"; };
		5FE4D8AC24A9842D00A73C17 /* UIImage+WebP.m */ = {isa = PBXFileReference; fileEncoding = 4; lastKnownFileType = sourcecode.c.objc; path = "UIImage+WebP.m"; sourceTree = "<group>"; };
		5FE4D8AD24A9842D00A73C17 /* MKAnnotationView+WebCache.m */ = {isa = PBXFileReference; fileEncoding = 4; lastKnownFileType = sourcecode.c.objc; path = "MKAnnotationView+WebCache.m"; sourceTree = "<group>"; };
		5FE4D8AE24A9842D00A73C17 /* NSButton+WebCache.h */ = {isa = PBXFileReference; fileEncoding = 4; lastKnownFileType = sourcecode.c.h; path = "NSButton+WebCache.h"; sourceTree = "<group>"; };
		5FE4D8AF24A9842D00A73C17 /* SDWebImageCoder.h */ = {isa = PBXFileReference; fileEncoding = 4; lastKnownFileType = sourcecode.c.h; path = SDWebImageCoder.h; sourceTree = "<group>"; };
		5FE4D8B024A9842D00A73C17 /* NSImage+WebCache.h */ = {isa = PBXFileReference; fileEncoding = 4; lastKnownFileType = sourcecode.c.h; path = "NSImage+WebCache.h"; sourceTree = "<group>"; };
		5FE4D8B124A9842D00A73C17 /* UIImageView+WebCache.h */ = {isa = PBXFileReference; fileEncoding = 4; lastKnownFileType = sourcecode.c.h; path = "UIImageView+WebCache.h"; sourceTree = "<group>"; };
		5FE4D8B224A9842D00A73C17 /* NSData+ImageContentType.h */ = {isa = PBXFileReference; fileEncoding = 4; lastKnownFileType = sourcecode.c.h; path = "NSData+ImageContentType.h"; sourceTree = "<group>"; };
		5FE4D8B324A9842D00A73C17 /* SDWebImageTransition.h */ = {isa = PBXFileReference; fileEncoding = 4; lastKnownFileType = sourcecode.c.h; path = SDWebImageTransition.h; sourceTree = "<group>"; };
		5FE4D8B424A9842D00A73C17 /* SDWebImageManager.m */ = {isa = PBXFileReference; fileEncoding = 4; lastKnownFileType = sourcecode.c.objc; path = SDWebImageManager.m; sourceTree = "<group>"; };
		5FE4D8B524A9842D00A73C17 /* SDWebImageDownloaderOperation.h */ = {isa = PBXFileReference; fileEncoding = 4; lastKnownFileType = sourcecode.c.h; path = SDWebImageDownloaderOperation.h; sourceTree = "<group>"; };
		5FE4D8B624A9842D00A73C17 /* UIImageView+HighlightedWebCache.m */ = {isa = PBXFileReference; fileEncoding = 4; lastKnownFileType = sourcecode.c.objc; path = "UIImageView+HighlightedWebCache.m"; sourceTree = "<group>"; };
		5FE4D8B724A9842D00A73C17 /* SDWebImageFrame.m */ = {isa = PBXFileReference; fileEncoding = 4; lastKnownFileType = sourcecode.c.objc; path = SDWebImageFrame.m; sourceTree = "<group>"; };
		5FE4D8B824A9842D00A73C17 /* SDImageCache.h */ = {isa = PBXFileReference; fileEncoding = 4; lastKnownFileType = sourcecode.c.h; path = SDImageCache.h; sourceTree = "<group>"; };
		5FE4D8B924A9842D00A73C17 /* UIImage+ForceDecode.m */ = {isa = PBXFileReference; fileEncoding = 4; lastKnownFileType = sourcecode.c.objc; path = "UIImage+ForceDecode.m"; sourceTree = "<group>"; };
		5FE4D8BA24A9842D00A73C17 /* SDImageCacheConfig.h */ = {isa = PBXFileReference; fileEncoding = 4; lastKnownFileType = sourcecode.c.h; path = SDImageCacheConfig.h; sourceTree = "<group>"; };
		5FE4D8BB24A9842D00A73C17 /* SDWebImageCodersManager.m */ = {isa = PBXFileReference; fileEncoding = 4; lastKnownFileType = sourcecode.c.objc; path = SDWebImageCodersManager.m; sourceTree = "<group>"; };
		5FE4D8BC24A9842D00A73C17 /* SDWebImageDownloader.m */ = {isa = PBXFileReference; fileEncoding = 4; lastKnownFileType = sourcecode.c.objc; path = SDWebImageDownloader.m; sourceTree = "<group>"; };
		5FE4D8BD24A9842D00A73C17 /* SDWebImageGIFCoder.h */ = {isa = PBXFileReference; fileEncoding = 4; lastKnownFileType = sourcecode.c.h; path = SDWebImageGIFCoder.h; sourceTree = "<group>"; };
		5FE4D8BE24A9842D00A73C17 /* SDWebImageWebPCoder.h */ = {isa = PBXFileReference; fileEncoding = 4; lastKnownFileType = sourcecode.c.h; path = SDWebImageWebPCoder.h; sourceTree = "<group>"; };
		5FE4D8BF24A9842D00A73C17 /* UIImage+GIF.m */ = {isa = PBXFileReference; fileEncoding = 4; lastKnownFileType = sourcecode.c.objc; path = "UIImage+GIF.m"; sourceTree = "<group>"; };
		5FE4D8C024A9842D00A73C17 /* UIButton+WebCache.h */ = {isa = PBXFileReference; fileEncoding = 4; lastKnownFileType = sourcecode.c.h; path = "UIButton+WebCache.h"; sourceTree = "<group>"; };
		5FE4D8C124A9842D00A73C17 /* UIImage+MultiFormat.m */ = {isa = PBXFileReference; fileEncoding = 4; lastKnownFileType = sourcecode.c.objc; path = "UIImage+MultiFormat.m"; sourceTree = "<group>"; };
		5FE4D8C224A9842D00A73C17 /* SDWebImageCoderHelper.m */ = {isa = PBXFileReference; fileEncoding = 4; lastKnownFileType = sourcecode.c.objc; path = SDWebImageCoderHelper.m; sourceTree = "<group>"; };
		5FE4D8C324A9842D00A73C17 /* SDWebImageCompat.m */ = {isa = PBXFileReference; fileEncoding = 4; lastKnownFileType = sourcecode.c.objc; path = SDWebImageCompat.m; sourceTree = "<group>"; };
		5FE4D8C424A9842D00A73C17 /* SDWebImageImageIOCoder.h */ = {isa = PBXFileReference; fileEncoding = 4; lastKnownFileType = sourcecode.c.h; path = SDWebImageImageIOCoder.h; sourceTree = "<group>"; };
		5FE4D8C524A9842D00A73C17 /* SDWebImagePrefetcher.m */ = {isa = PBXFileReference; fileEncoding = 4; lastKnownFileType = sourcecode.c.objc; path = SDWebImagePrefetcher.m; sourceTree = "<group>"; };
		5FE4D8C624A9842D00A73C17 /* UIView+WebCache.h */ = {isa = PBXFileReference; fileEncoding = 4; lastKnownFileType = sourcecode.c.h; path = "UIView+WebCache.h"; sourceTree = "<group>"; };
		5FE4D8C724A9842D00A73C17 /* UIView+WebCacheOperation.h */ = {isa = PBXFileReference; fileEncoding = 4; lastKnownFileType = sourcecode.c.h; path = "UIView+WebCacheOperation.h"; sourceTree = "<group>"; };
		5FE4D8C824A9842D00A73C17 /* SDWebImageCoder.m */ = {isa = PBXFileReference; fileEncoding = 4; lastKnownFileType = sourcecode.c.objc; path = SDWebImageCoder.m; sourceTree = "<group>"; };
		5FE4D8C924A9842D00A73C17 /* NSButton+WebCache.m */ = {isa = PBXFileReference; fileEncoding = 4; lastKnownFileType = sourcecode.c.objc; path = "NSButton+WebCache.m"; sourceTree = "<group>"; };
		5FE4D8CA24A9842D00A73C17 /* MKAnnotationView+WebCache.h */ = {isa = PBXFileReference; fileEncoding = 4; lastKnownFileType = sourcecode.c.h; path = "MKAnnotationView+WebCache.h"; sourceTree = "<group>"; };
		5FE4D8CB24A9842D00A73C17 /* UIImage+WebP.h */ = {isa = PBXFileReference; fileEncoding = 4; lastKnownFileType = sourcecode.c.h; path = "UIImage+WebP.h"; sourceTree = "<group>"; };
		5FE4D8CC24A9842D00A73C17 /* SDAnimatedImageRep.m */ = {isa = PBXFileReference; fileEncoding = 4; lastKnownFileType = sourcecode.c.objc; path = SDAnimatedImageRep.m; sourceTree = "<group>"; };
		5FE4D8CD24A9842D00A73C17 /* SDImageCache.m */ = {isa = PBXFileReference; fileEncoding = 4; lastKnownFileType = sourcecode.c.objc; path = SDImageCache.m; sourceTree = "<group>"; };
		5FE4D8CE24A9842D00A73C17 /* SDWebImageFrame.h */ = {isa = PBXFileReference; fileEncoding = 4; lastKnownFileType = sourcecode.c.h; path = SDWebImageFrame.h; sourceTree = "<group>"; };
		5FE4D8CF24A9842D00A73C17 /* UIImageView+HighlightedWebCache.h */ = {isa = PBXFileReference; fileEncoding = 4; lastKnownFileType = sourcecode.c.h; path = "UIImageView+HighlightedWebCache.h"; sourceTree = "<group>"; };
		5FE4D8D024A9842D00A73C17 /* SDWebImageDownloaderOperation.m */ = {isa = PBXFileReference; fileEncoding = 4; lastKnownFileType = sourcecode.c.objc; path = SDWebImageDownloaderOperation.m; sourceTree = "<group>"; };
		5FE4D8D124A9842D00A73C17 /* SDWebImageTransition.m */ = {isa = PBXFileReference; fileEncoding = 4; lastKnownFileType = sourcecode.c.objc; path = SDWebImageTransition.m; sourceTree = "<group>"; };
		5FE4D8D224A9842D00A73C17 /* SDWebImageManager.h */ = {isa = PBXFileReference; fileEncoding = 4; lastKnownFileType = sourcecode.c.h; path = SDWebImageManager.h; sourceTree = "<group>"; };
		5FE4D8D324A9842D00A73C17 /* NSData+ImageContentType.m */ = {isa = PBXFileReference; fileEncoding = 4; lastKnownFileType = sourcecode.c.objc; path = "NSData+ImageContentType.m"; sourceTree = "<group>"; };
		5FE4D8D424A9842D00A73C17 /* UIImageView+WebCache.m */ = {isa = PBXFileReference; fileEncoding = 4; lastKnownFileType = sourcecode.c.objc; path = "UIImageView+WebCache.m"; sourceTree = "<group>"; };
		5FE4D8D524A9842D00A73C17 /* SDWebImageOperation.h */ = {isa = PBXFileReference; fileEncoding = 4; lastKnownFileType = sourcecode.c.h; path = SDWebImageOperation.h; sourceTree = "<group>"; };
		5FE4D8D624A9842D00A73C17 /* NSImage+WebCache.m */ = {isa = PBXFileReference; fileEncoding = 4; lastKnownFileType = sourcecode.c.objc; path = "NSImage+WebCache.m"; sourceTree = "<group>"; };
		5FE4D8D724A9842D00A73C17 /* SDWebImageGIFCoder.m */ = {isa = PBXFileReference; fileEncoding = 4; lastKnownFileType = sourcecode.c.objc; path = SDWebImageGIFCoder.m; sourceTree = "<group>"; };
		5FE4D8D824A9842D00A73C17 /* SDWebImageDownloader.h */ = {isa = PBXFileReference; fileEncoding = 4; lastKnownFileType = sourcecode.c.h; path = SDWebImageDownloader.h; sourceTree = "<group>"; };
		5FE4D8D924A9842D00A73C17 /* SDImageCacheConfig.m */ = {isa = PBXFileReference; fileEncoding = 4; lastKnownFileType = sourcecode.c.objc; path = SDImageCacheConfig.m; sourceTree = "<group>"; };
		5FE4D8DA24A9842D00A73C17 /* SDWebImageCodersManager.h */ = {isa = PBXFileReference; fileEncoding = 4; lastKnownFileType = sourcecode.c.h; path = SDWebImageCodersManager.h; sourceTree = "<group>"; };
		5FE4D8DB24A9842D00A73C17 /* UIImage+ForceDecode.h */ = {isa = PBXFileReference; fileEncoding = 4; lastKnownFileType = sourcecode.c.h; path = "UIImage+ForceDecode.h"; sourceTree = "<group>"; };
		5FE4D8DC24A9842D00A73C17 /* UIView+WebCacheOperation.m */ = {isa = PBXFileReference; fileEncoding = 4; lastKnownFileType = sourcecode.c.objc; path = "UIView+WebCacheOperation.m"; sourceTree = "<group>"; };
		5FE4D8DD24A9842D00A73C17 /* UIView+WebCache.m */ = {isa = PBXFileReference; fileEncoding = 4; lastKnownFileType = sourcecode.c.objc; path = "UIView+WebCache.m"; sourceTree = "<group>"; };
		5FE4D8DE24A9842D00A73C17 /* SDWebImagePrefetcher.h */ = {isa = PBXFileReference; fileEncoding = 4; lastKnownFileType = sourcecode.c.h; path = SDWebImagePrefetcher.h; sourceTree = "<group>"; };
		5FE4D8DF24A9842D00A73C17 /* SDWebImageImageIOCoder.m */ = {isa = PBXFileReference; fileEncoding = 4; lastKnownFileType = sourcecode.c.objc; path = SDWebImageImageIOCoder.m; sourceTree = "<group>"; };
		5FE4D8E024A9842D00A73C17 /* SDWebImageCompat.h */ = {isa = PBXFileReference; fileEncoding = 4; lastKnownFileType = sourcecode.c.h; path = SDWebImageCompat.h; sourceTree = "<group>"; };
		5FE4D8E124A9842D00A73C17 /* SDWebImageCoderHelper.h */ = {isa = PBXFileReference; fileEncoding = 4; lastKnownFileType = sourcecode.c.h; path = SDWebImageCoderHelper.h; sourceTree = "<group>"; };
		5FE4D8E224A9842D00A73C17 /* UIImage+MultiFormat.h */ = {isa = PBXFileReference; fileEncoding = 4; lastKnownFileType = sourcecode.c.h; path = "UIImage+MultiFormat.h"; sourceTree = "<group>"; };
		5FE4D8E324A9842D00A73C17 /* UIButton+WebCache.m */ = {isa = PBXFileReference; fileEncoding = 4; lastKnownFileType = sourcecode.c.objc; path = "UIButton+WebCache.m"; sourceTree = "<group>"; };
		5FE4D8E424A9842D00A73C17 /* SDWebImageWebPCoder.m */ = {isa = PBXFileReference; fileEncoding = 4; lastKnownFileType = sourcecode.c.objc; path = SDWebImageWebPCoder.m; sourceTree = "<group>"; };
		5FE4D8E524A9842D00A73C17 /* UIImage+GIF.h */ = {isa = PBXFileReference; fileEncoding = 4; lastKnownFileType = sourcecode.c.h; path = "UIImage+GIF.h"; sourceTree = "<group>"; };
/* End PBXFileReference section */

/* Begin PBXFrameworksBuildPhase section */
		5F4BADD224A9784300B2A748 /* Frameworks */ = {
			isa = PBXFrameworksBuildPhase;
			buildActionMask = 2147483647;
			files = (
			);
			runOnlyForDeploymentPostprocessing = 0;
		};
		5F4BADED24A9784800B2A748 /* Frameworks */ = {
			isa = PBXFrameworksBuildPhase;
			buildActionMask = 2147483647;
			files = (
			);
			runOnlyForDeploymentPostprocessing = 0;
		};
/* End PBXFrameworksBuildPhase section */

/* Begin PBXGroup section */
		5F4BADCC24A9784300B2A748 = {
			isa = PBXGroup;
			children = (
				5F4BADD724A9784300B2A748 /* SLCardScrollView */,
				5F4BADF324A9784800B2A748 /* SLCardScrollViewUITests */,
				5F4BADD624A9784300B2A748 /* Products */,
			);
			sourceTree = "<group>";
		};
		5F4BADD624A9784300B2A748 /* Products */ = {
			isa = PBXGroup;
			children = (
				5F4BADD524A9784300B2A748 /* SLCardScrollView.app */,
				5F4BADF024A9784800B2A748 /* SLCardScrollViewUITests.xctest */,
			);
			name = Products;
			sourceTree = "<group>";
		};
		5F4BADD724A9784300B2A748 /* SLCardScrollView */ = {
			isa = PBXGroup;
			children = (
				5FE4D8AA24A9842D00A73C17 /* SDWebImage */,
				5F4BADFF24A97F1100B2A748 /* SLCardScrollView */,
				5F4BADD824A9784300B2A748 /* AppDelegate.h */,
				5F4BADD924A9784300B2A748 /* AppDelegate.m */,
				5F4BADDE24A9784300B2A748 /* ViewController.h */,
				5F4BADDF24A9784300B2A748 /* ViewController.m */,
				5F4BADE124A9784300B2A748 /* Main.storyboard */,
				5F4BADE424A9784800B2A748 /* Assets.xcassets */,
				5F4BADE624A9784800B2A748 /* LaunchScreen.storyboard */,
				5F4BADE924A9784800B2A748 /* Info.plist */,
				5F4BADEA24A9784800B2A748 /* main.m */,
			);
			path = SLCardScrollView;
			sourceTree = "<group>";
		};
		5F4BADF324A9784800B2A748 /* SLCardScrollViewUITests */ = {
			isa = PBXGroup;
			children = (
				5F4BADF424A9784800B2A748 /* SLCardScrollViewUITests.m */,
				5F4BADF624A9784800B2A748 /* Info.plist */,
			);
			path = SLCardScrollViewUITests;
			sourceTree = "<group>";
		};
		5F4BADFF24A97F1100B2A748 /* SLCardScrollView */ = {
			isa = PBXGroup;
			children = (
				5F4BAE0024A97F5800B2A748 /* UIView+CardScroll.h */,
				5F4BAE0124A97F5800B2A748 /* UIView+CardScroll.m */,
				5F4BAE0324A9821400B2A748 /* SLCarouselView.h */,
				5F4BAE0424A9821400B2A748 /* SLCarouselView.m */,
			);
			path = SLCardScrollView;
			sourceTree = "<group>";
		};
		5FE4D8AA24A9842D00A73C17 /* SDWebImage */ = {
			isa = PBXGroup;
			children = (
				5FE4D8AB24A9842D00A73C17 /* SDAnimatedImageRep.h */,
				5FE4D8AC24A9842D00A73C17 /* UIImage+WebP.m */,
				5FE4D8AD24A9842D00A73C17 /* MKAnnotationView+WebCache.m */,
				5FE4D8AE24A9842D00A73C17 /* NSButton+WebCache.h */,
				5FE4D8AF24A9842D00A73C17 /* SDWebImageCoder.h */,
				5FE4D8B024A9842D00A73C17 /* NSImage+WebCache.h */,
				5FE4D8B124A9842D00A73C17 /* UIImageView+WebCache.h */,
				5FE4D8B224A9842D00A73C17 /* NSData+ImageContentType.h */,
				5FE4D8B324A9842D00A73C17 /* SDWebImageTransition.h */,
				5FE4D8B424A9842D00A73C17 /* SDWebImageManager.m */,
				5FE4D8B524A9842D00A73C17 /* SDWebImageDownloaderOperation.h */,
				5FE4D8B624A9842D00A73C17 /* UIImageView+HighlightedWebCache.m */,
				5FE4D8B724A9842D00A73C17 /* SDWebImageFrame.m */,
				5FE4D8B824A9842D00A73C17 /* SDImageCache.h */,
				5FE4D8B924A9842D00A73C17 /* UIImage+ForceDecode.m */,
				5FE4D8BA24A9842D00A73C17 /* SDImageCacheConfig.h */,
				5FE4D8BB24A9842D00A73C17 /* SDWebImageCodersManager.m */,
				5FE4D8BC24A9842D00A73C17 /* SDWebImageDownloader.m */,
				5FE4D8BD24A9842D00A73C17 /* SDWebImageGIFCoder.h */,
				5FE4D8BE24A9842D00A73C17 /* SDWebImageWebPCoder.h */,
				5FE4D8BF24A9842D00A73C17 /* UIImage+GIF.m */,
				5FE4D8C024A9842D00A73C17 /* UIButton+WebCache.h */,
				5FE4D8C124A9842D00A73C17 /* UIImage+MultiFormat.m */,
				5FE4D8C224A9842D00A73C17 /* SDWebImageCoderHelper.m */,
				5FE4D8C324A9842D00A73C17 /* SDWebImageCompat.m */,
				5FE4D8C424A9842D00A73C17 /* SDWebImageImageIOCoder.h */,
				5FE4D8C524A9842D00A73C17 /* SDWebImagePrefetcher.m */,
				5FE4D8C624A9842D00A73C17 /* UIView+WebCache.h */,
				5FE4D8C724A9842D00A73C17 /* UIView+WebCacheOperation.h */,
				5FE4D8C824A9842D00A73C17 /* SDWebImageCoder.m */,
				5FE4D8C924A9842D00A73C17 /* NSButton+WebCache.m */,
				5FE4D8CA24A9842D00A73C17 /* MKAnnotationView+WebCache.h */,
				5FE4D8CB24A9842D00A73C17 /* UIImage+WebP.h */,
				5FE4D8CC24A9842D00A73C17 /* SDAnimatedImageRep.m */,
				5FE4D8CD24A9842D00A73C17 /* SDImageCache.m */,
				5FE4D8CE24A9842D00A73C17 /* SDWebImageFrame.h */,
				5FE4D8CF24A9842D00A73C17 /* UIImageView+HighlightedWebCache.h */,
				5FE4D8D024A9842D00A73C17 /* SDWebImageDownloaderOperation.m */,
				5FE4D8D124A9842D00A73C17 /* SDWebImageTransition.m */,
				5FE4D8D224A9842D00A73C17 /* SDWebImageManager.h */,
				5FE4D8D324A9842D00A73C17 /* NSData+ImageContentType.m */,
				5FE4D8D424A9842D00A73C17 /* UIImageView+WebCache.m */,
				5FE4D8D524A9842D00A73C17 /* SDWebImageOperation.h */,
				5FE4D8D624A9842D00A73C17 /* NSImage+WebCache.m */,
				5FE4D8D724A9842D00A73C17 /* SDWebImageGIFCoder.m */,
				5FE4D8D824A9842D00A73C17 /* SDWebImageDownloader.h */,
				5FE4D8D924A9842D00A73C17 /* SDImageCacheConfig.m */,
				5FE4D8DA24A9842D00A73C17 /* SDWebImageCodersManager.h */,
				5FE4D8DB24A9842D00A73C17 /* UIImage+ForceDecode.h */,
				5FE4D8DC24A9842D00A73C17 /* UIView+WebCacheOperation.m */,
				5FE4D8DD24A9842D00A73C17 /* UIView+WebCache.m */,
				5FE4D8DE24A9842D00A73C17 /* SDWebImagePrefetcher.h */,
				5FE4D8DF24A9842D00A73C17 /* SDWebImageImageIOCoder.m */,
				5FE4D8E024A9842D00A73C17 /* SDWebImageCompat.h */,
				5FE4D8E124A9842D00A73C17 /* SDWebImageCoderHelper.h */,
				5FE4D8E224A9842D00A73C17 /* UIImage+MultiFormat.h */,
				5FE4D8E324A9842D00A73C17 /* UIButton+WebCache.m */,
				5FE4D8E424A9842D00A73C17 /* SDWebImageWebPCoder.m */,
				5FE4D8E524A9842D00A73C17 /* UIImage+GIF.h */,
			);
			path = SDWebImage;
			sourceTree = "<group>";
		};
/* End PBXGroup section */

/* Begin PBXNativeTarget section */
		5F4BADD424A9784300B2A748 /* SLCardScrollView */ = {
			isa = PBXNativeTarget;
			buildConfigurationList = 5F4BADF924A9784800B2A748 /* Build configuration list for PBXNativeTarget "SLCardScrollView" */;
			buildPhases = (
				5F4BADD124A9784300B2A748 /* Sources */,
				5F4BADD224A9784300B2A748 /* Frameworks */,
				5F4BADD324A9784300B2A748 /* Resources */,
			);
			buildRules = (
			);
			dependencies = (
			);
			name = SLCardScrollView;
			productName = SLCardScrollView;
			productReference = 5F4BADD524A9784300B2A748 /* SLCardScrollView.app */;
			productType = "com.apple.product-type.application";
		};
		5F4BADEF24A9784800B2A748 /* SLCardScrollViewUITests */ = {
			isa = PBXNativeTarget;
			buildConfigurationList = 5F4BADFC24A9784800B2A748 /* Build configuration list for PBXNativeTarget "SLCardScrollViewUITests" */;
			buildPhases = (
				5F4BADEC24A9784800B2A748 /* Sources */,
				5F4BADED24A9784800B2A748 /* Frameworks */,
				5F4BADEE24A9784800B2A748 /* Resources */,
			);
			buildRules = (
			);
			dependencies = (
				5F4BADF224A9784800B2A748 /* PBXTargetDependency */,
			);
			name = SLCardScrollViewUITests;
			productName = SLCardScrollViewUITests;
			productReference = 5F4BADF024A9784800B2A748 /* SLCardScrollViewUITests.xctest */;
			productType = "com.apple.product-type.bundle.ui-testing";
		};
/* End PBXNativeTarget section */

/* Begin PBXProject section */
		5F4BADCD24A9784300B2A748 /* Project object */ = {
			isa = PBXProject;
			attributes = {
				LastUpgradeCheck = 1130;
				ORGANIZATIONNAME = SLL;
				TargetAttributes = {
					5F4BADD424A9784300B2A748 = {
						CreatedOnToolsVersion = 11.3;
					};
					5F4BADEF24A9784800B2A748 = {
						CreatedOnToolsVersion = 11.3;
						TestTargetID = 5F4BADD424A9784300B2A748;
					};
				};
			};
			buildConfigurationList = 5F4BADD024A9784300B2A748 /* Build configuration list for PBXProject "SLCardScrollView" */;
			compatibilityVersion = "Xcode 9.3";
			developmentRegion = en;
			hasScannedForEncodings = 0;
			knownRegions = (
				en,
				Base,
			);
			mainGroup = 5F4BADCC24A9784300B2A748;
			productRefGroup = 5F4BADD624A9784300B2A748 /* Products */;
			projectDirPath = "";
			projectRoot = "";
			targets = (
				5F4BADD424A9784300B2A748 /* SLCardScrollView */,
				5F4BADEF24A9784800B2A748 /* SLCardScrollViewUITests */,
			);
		};
/* End PBXProject section */

/* Begin PBXResourcesBuildPhase section */
		5F4BADD324A9784300B2A748 /* Resources */ = {
			isa = PBXResourcesBuildPhase;
			buildActionMask = 2147483647;
			files = (
				5F4BADE824A9784800B2A748 /* LaunchScreen.storyboard in Resources */,
				5F4BADE524A9784800B2A748 /* Assets.xcassets in Resources */,
				5F4BADE324A9784300B2A748 /* Main.storyboard in Resources */,
			);
			runOnlyForDeploymentPostprocessing = 0;
		};
		5F4BADEE24A9784800B2A748 /* Resources */ = {
			isa = PBXResourcesBuildPhase;
			buildActionMask = 2147483647;
			files = (
			);
			runOnlyForDeploymentPostprocessing = 0;
		};
/* End PBXResourcesBuildPhase section */

/* Begin PBXSourcesBuildPhase section */
		5F4BADD124A9784300B2A748 /* Sources */ = {
			isa = PBXSourcesBuildPhase;
			buildActionMask = 2147483647;
			files = (
				5FE4D8F424A9842D00A73C17 /* NSButton+WebCache.m in Sources */,
				5FE4D8E924A9842D00A73C17 /* UIImageView+HighlightedWebCache.m in Sources */,
				5F4BADE024A9784300B2A748 /* ViewController.m in Sources */,
				5FE4D8E824A9842D00A73C17 /* SDWebImageManager.m in Sources */,
				5FE4D8F824A9842D00A73C17 /* SDWebImageTransition.m in Sources */,
				5FE4D8EC24A9842D00A73C17 /* SDWebImageCodersManager.m in Sources */,
				5FE4D8FC24A9842D00A73C17 /* SDWebImageGIFCoder.m in Sources */,
				5FE4D8EA24A9842D00A73C17 /* SDWebImageFrame.m in Sources */,
				5FE4D8E624A9842D00A73C17 /* UIImage+WebP.m in Sources */,
				5FE4D8FD24A9842D00A73C17 /* SDImageCacheConfig.m in Sources */,
				5FE4D8F624A9842D00A73C17 /* SDImageCache.m in Sources */,
				5FE4D8F524A9842D00A73C17 /* SDAnimatedImageRep.m in Sources */,
				5FE4D8FF24A9842D00A73C17 /* UIView+WebCache.m in Sources */,
				5F4BADDA24A9784300B2A748 /* AppDelegate.m in Sources */,
				5FE4D8F024A9842D00A73C17 /* SDWebImageCoderHelper.m in Sources */,
				5FE4D8F324A9842D00A73C17 /* SDWebImageCoder.m in Sources */,
				5FE4D8EF24A9842D00A73C17 /* UIImage+MultiFormat.m in Sources */,
				5FE4D8FA24A9842D00A73C17 /* UIImageView+WebCache.m in Sources */,
				5FE4D8F224A9842D00A73C17 /* SDWebImagePrefetcher.m in Sources */,
				5FE4D90024A9842D00A73C17 /* SDWebImageImageIOCoder.m in Sources */,
				5FE4D8ED24A9842D00A73C17 /* SDWebImageDownloader.m in Sources */,
				5FE4D90224A9842D00A73C17 /* SDWebImageWebPCoder.m in Sources */,
				5F4BAE0524A9821400B2A748 /* SLCarouselView.m in Sources */,
				5FE4D8F124A9842D00A73C17 /* SDWebImageCompat.m in Sources */,
				5FE4D8F724A9842D00A73C17 /* SDWebImageDownloaderOperation.m in Sources */,
				5FE4D8FE24A9842D00A73C17 /* UIView+WebCacheOperation.m in Sources */,
				5FE4D90124A9842D00A73C17 /* UIButton+WebCache.m in Sources */,
				5FE4D8EB24A9842D00A73C17 /* UIImage+ForceDecode.m in Sources */,
				5FE4D8F924A9842D00A73C17 /* NSData+ImageContentType.m in Sources */,
				5FE4D8E724A9842D00A73C17 /* MKAnnotationView+WebCache.m in Sources */,
				5F4BADEB24A9784800B2A748 /* main.m in Sources */,
				5FE4D8EE24A9842D00A73C17 /* UIImage+GIF.m in Sources */,
				5F4BAE0224A97F5800B2A748 /* UIView+CardScroll.m in Sources */,
				5FE4D8FB24A9842D00A73C17 /* NSImage+WebCache.m in Sources */,
			);
			runOnlyForDeploymentPostprocessing = 0;
		};
		5F4BADEC24A9784800B2A748 /* Sources */ = {
			isa = PBXSourcesBuildPhase;
			buildActionMask = 2147483647;
			files = (
				5F4BADF524A9784800B2A748 /* SLCardScrollViewUITests.m in Sources */,
			);
			runOnlyForDeploymentPostprocessing = 0;
		};
/* End PBXSourcesBuildPhase section */

/* Begin PBXTargetDependency section */
		5F4BADF224A9784800B2A748 /* PBXTargetDependency */ = {
			isa = PBXTargetDependency;
			target = 5F4BADD424A9784300B2A748 /* SLCardScrollView */;
			targetProxy = 5F4BADF124A9784800B2A748 /* PBXContainerItemProxy */;
		};
/* End PBXTargetDependency section */

/* Begin PBXVariantGroup section */
		5F4BADE124A9784300B2A748 /* Main.storyboard */ = {
			isa = PBXVariantGroup;
			children = (
				5F4BADE224A9784300B2A748 /* Base */,
			);
			name = Main.storyboard;
			sourceTree = "<group>";
		};
		5F4BADE624A9784800B2A748 /* LaunchScreen.storyboard */ = {
			isa = PBXVariantGroup;
			children = (
				5F4BADE724A9784800B2A748 /* Base */,
			);
			name = LaunchScreen.storyboard;
			sourceTree = "<group>";
		};
/* End PBXVariantGroup section */

/* Begin XCBuildConfiguration section */
		5F4BADF724A9784800B2A748 /* Debug */ = {
			isa = XCBuildConfiguration;
			buildSettings = {
				ALWAYS_SEARCH_USER_PATHS = NO;
				CLANG_ANALYZER_NONNULL = YES;
				CLANG_ANALYZER_NUMBER_OBJECT_CONVERSION = YES_AGGRESSIVE;
				CLANG_CXX_LANGUAGE_STANDARD = "gnu++14";
				CLANG_CXX_LIBRARY = "libc++";
				CLANG_ENABLE_MODULES = YES;
				CLANG_ENABLE_OBJC_ARC = YES;
				CLANG_ENABLE_OBJC_WEAK = YES;
				CLANG_WARN_BLOCK_CAPTURE_AUTORELEASING = YES;
				CLANG_WARN_BOOL_CONVERSION = YES;
				CLANG_WARN_COMMA = YES;
				CLANG_WARN_CONSTANT_CONVERSION = YES;
				CLANG_WARN_DEPRECATED_OBJC_IMPLEMENTATIONS = YES;
				CLANG_WARN_DIRECT_OBJC_ISA_USAGE = YES_ERROR;
				CLANG_WARN_DOCUMENTATION_COMMENTS = YES;
				CLANG_WARN_EMPTY_BODY = YES;
				CLANG_WARN_ENUM_CONVERSION = YES;
				CLANG_WARN_INFINITE_RECURSION = YES;
				CLANG_WARN_INT_CONVERSION = YES;
				CLANG_WARN_NON_LITERAL_NULL_CONVERSION = YES;
				CLANG_WARN_OBJC_IMPLICIT_RETAIN_SELF = YES;
				CLANG_WARN_OBJC_LITERAL_CONVERSION = YES;
				CLANG_WARN_OBJC_ROOT_CLASS = YES_ERROR;
				CLANG_WARN_RANGE_LOOP_ANALYSIS = YES;
				CLANG_WARN_STRICT_PROTOTYPES = YES;
				CLANG_WARN_SUSPICIOUS_MOVE = YES;
				CLANG_WARN_UNGUARDED_AVAILABILITY = YES_AGGRESSIVE;
				CLANG_WARN_UNREACHABLE_CODE = YES;
				CLANG_WARN__DUPLICATE_METHOD_MATCH = YES;
				COPY_PHASE_STRIP = NO;
				DEBUG_INFORMATION_FORMAT = dwarf;
				ENABLE_STRICT_OBJC_MSGSEND = YES;
				ENABLE_TESTABILITY = YES;
				GCC_C_LANGUAGE_STANDARD = gnu11;
				GCC_DYNAMIC_NO_PIC = NO;
				GCC_NO_COMMON_BLOCKS = YES;
				GCC_OPTIMIZATION_LEVEL = 0;
				GCC_PREPROCESSOR_DEFINITIONS = (
					"DEBUG=1",
					"$(inherited)",
				);
				GCC_WARN_64_TO_32_BIT_CONVERSION = YES;
				GCC_WARN_ABOUT_RETURN_TYPE = YES_ERROR;
				GCC_WARN_UNDECLARED_SELECTOR = YES;
				GCC_WARN_UNINITIALIZED_AUTOS = YES_AGGRESSIVE;
				GCC_WARN_UNUSED_FUNCTION = YES;
				GCC_WARN_UNUSED_VARIABLE = YES;
				IPHONEOS_DEPLOYMENT_TARGET = 13.2;
				MTL_ENABLE_DEBUG_INFO = INCLUDE_SOURCE;
				MTL_FAST_MATH = YES;
				ONLY_ACTIVE_ARCH = YES;
				SDKROOT = iphoneos;
			};
			name = Debug;
		};
		5F4BADF824A9784800B2A748 /* Release */ = {
			isa = XCBuildConfiguration;
			buildSettings = {
				ALWAYS_SEARCH_USER_PATHS = NO;
				CLANG_ANALYZER_NONNULL = YES;
				CLANG_ANALYZER_NUMBER_OBJECT_CONVERSION = YES_AGGRESSIVE;
				CLANG_CXX_LANGUAGE_STANDARD = "gnu++14";
				CLANG_CXX_LIBRARY = "libc++";
				CLANG_ENABLE_MODULES = YES;
				CLANG_ENABLE_OBJC_ARC = YES;
				CLANG_ENABLE_OBJC_WEAK = YES;
				CLANG_WARN_BLOCK_CAPTURE_AUTORELEASING = YES;
				CLANG_WARN_BOOL_CONVERSION = YES;
				CLANG_WARN_COMMA = YES;
				CLANG_WARN_CONSTANT_CONVERSION = YES;
				CLANG_WARN_DEPRECATED_OBJC_IMPLEMENTATIONS = YES;
				CLANG_WARN_DIRECT_OBJC_ISA_USAGE = YES_ERROR;
				CLANG_WARN_DOCUMENTATION_COMMENTS = YES;
				CLANG_WARN_EMPTY_BODY = YES;
				CLANG_WARN_ENUM_CONVERSION = YES;
				CLANG_WARN_INFINITE_RECURSION = YES;
				CLANG_WARN_INT_CONVERSION = YES;
				CLANG_WARN_NON_LITERAL_NULL_CONVERSION = YES;
				CLANG_WARN_OBJC_IMPLICIT_RETAIN_SELF = YES;
				CLANG_WARN_OBJC_LITERAL_CONVERSION = YES;
				CLANG_WARN_OBJC_ROOT_CLASS = YES_ERROR;
				CLANG_WARN_RANGE_LOOP_ANALYSIS = YES;
				CLANG_WARN_STRICT_PROTOTYPES = YES;
				CLANG_WARN_SUSPICIOUS_MOVE = YES;
				CLANG_WARN_UNGUARDED_AVAILABILITY = YES_AGGRESSIVE;
				CLANG_WARN_UNREACHABLE_CODE = YES;
				CLANG_WARN__DUPLICATE_METHOD_MATCH = YES;
				COPY_PHASE_STRIP = NO;
				DEBUG_INFORMATION_FORMAT = "dwarf-with-dsym";
				ENABLE_NS_ASSERTIONS = NO;
				ENABLE_STRICT_OBJC_MSGSEND = YES;
				GCC_C_LANGUAGE_STANDARD = gnu11;
				GCC_NO_COMMON_BLOCKS = YES;
				GCC_WARN_64_TO_32_BIT_CONVERSION = YES;
				GCC_WARN_ABOUT_RETURN_TYPE = YES_ERROR;
				GCC_WARN_UNDECLARED_SELECTOR = YES;
				GCC_WARN_UNINITIALIZED_AUTOS = YES_AGGRESSIVE;
				GCC_WARN_UNUSED_FUNCTION = YES;
				GCC_WARN_UNUSED_VARIABLE = YES;
				IPHONEOS_DEPLOYMENT_TARGET = 13.2;
				MTL_ENABLE_DEBUG_INFO = NO;
				MTL_FAST_MATH = YES;
				SDKROOT = iphoneos;
				VALIDATE_PRODUCT = YES;
			};
			name = Release;
		};
		5F4BADFA24A9784800B2A748 /* Debug */ = {
			isa = XCBuildConfiguration;
			buildSettings = {
				ASSETCATALOG_COMPILER_APPICON_NAME = AppIcon;
				CODE_SIGN_STYLE = Automatic;
				DEVELOPMENT_TEAM = BVX37T7P5Z;
				INFOPLIST_FILE = SLCardScrollView/Info.plist;
				LD_RUNPATH_SEARCH_PATHS = (
					"$(inherited)",
					"@executable_path/Frameworks",
				);
				PRODUCT_BUNDLE_IDENTIFIER = "---.SLCardScrollView";
				PRODUCT_NAME = "$(TARGET_NAME)";
				TARGETED_DEVICE_FAMILY = "1,2";
			};
			name = Debug;
		};
		5F4BADFB24A9784800B2A748 /* Release */ = {
			isa = XCBuildConfiguration;
			buildSettings = {
				ASSETCATALOG_COMPILER_APPICON_NAME = AppIcon;
				CODE_SIGN_STYLE = Automatic;
				DEVELOPMENT_TEAM = BVX37T7P5Z;
				INFOPLIST_FILE = SLCardScrollView/Info.plist;
				LD_RUNPATH_SEARCH_PATHS = (
					"$(inherited)",
					"@executable_path/Frameworks",
				);
				PRODUCT_BUNDLE_IDENTIFIER = "---.SLCardScrollView";
				PRODUCT_NAME = "$(TARGET_NAME)";
				TARGETED_DEVICE_FAMILY = "1,2";
			};
			name = Release;
		};
		5F4BADFD24A9784800B2A748 /* Debug */ = {
			isa = XCBuildConfiguration;
			buildSettings = {
				CODE_SIGN_STYLE = Automatic;
				DEVELOPMENT_TEAM = BVX37T7P5Z;
				INFOPLIST_FILE = SLCardScrollViewUITests/Info.plist;
				LD_RUNPATH_SEARCH_PATHS = (
					"$(inherited)",
					"@executable_path/Frameworks",
					"@loader_path/Frameworks",
				);
				PRODUCT_BUNDLE_IDENTIFIER = "---.SLCardScrollViewUITests";
				PRODUCT_NAME = "$(TARGET_NAME)";
				TARGETED_DEVICE_FAMILY = "1,2";
				TEST_TARGET_NAME = SLCardScrollView;
			};
			name = Debug;
		};
		5F4BADFE24A9784800B2A748 /* Release */ = {
			isa = XCBuildConfiguration;
			buildSettings = {
				CODE_SIGN_STYLE = Automatic;
				DEVELOPMENT_TEAM = BVX37T7P5Z;
				INFOPLIST_FILE = SLCardScrollViewUITests/Info.plist;
				LD_RUNPATH_SEARCH_PATHS = (
					"$(inherited)",
					"@executable_path/Frameworks",
					"@loader_path/Frameworks",
				);
				PRODUCT_BUNDLE_IDENTIFIER = "---.SLCardScrollViewUITests";
				PRODUCT_NAME = "$(TARGET_NAME)";
				TARGETED_DEVICE_FAMILY = "1,2";
				TEST_TARGET_NAME = SLCardScrollView;
			};
			name = Release;
		};
/* End XCBuildConfiguration section */

/* Begin XCConfigurationList section */
		5F4BADD024A9784300B2A748 /* Build configuration list for PBXProject "SLCardScrollView" */ = {
			isa = XCConfigurationList;
			buildConfigurations = (
				5F4BADF724A9784800B2A748 /* Debug */,
				5F4BADF824A9784800B2A748 /* Release */,
			);
			defaultConfigurationIsVisible = 0;
			defaultConfigurationName = Release;
		};
		5F4BADF924A9784800B2A748 /* Build configuration list for PBXNativeTarget "SLCardScrollView" */ = {
			isa = XCConfigurationList;
			buildConfigurations = (
				5F4BADFA24A9784800B2A748 /* Debug */,
				5F4BADFB24A9784800B2A748 /* Release */,
			);
			defaultConfigurationIsVisible = 0;
			defaultConfigurationName = Release;
		};
		5F4BADFC24A9784800B2A748 /* Build configuration list for PBXNativeTarget "SLCardScrollViewUITests" */ = {
			isa = XCConfigurationList;
			buildConfigurations = (
				5F4BADFD24A9784800B2A748 /* Debug */,
				5F4BADFE24A9784800B2A748 /* Release */,
			);
			defaultConfigurationIsVisible = 0;
			defaultConfigurationName = Release;
		};
/* End XCConfigurationList section */
	};
	rootObject = 5F4BADCD24A9784300B2A748 /* Project object */;
}
